
Microsoft Visual Studio Solution File, Format Version 12.00
# Visual Studio Version 17
VisualStudioVersion = 17.14.36414.22 d17.14
MinimumVisualStudioVersion = 10.0.40219.1
Project("{FAE04EC0-301F-11D3-BF4B-00C04F79EFBC}") = "TheJokeShopAssignment", "TheJokeShopAssignment.csproj", "{8AA42CB1-67E5-47F7-B076-DF99A6BCD9D7}"
EndProject
Global
	GlobalSection(SolutionConfigurationPlatforms) = preSolution
		Debug|Any CPU = Debug|Any CPU
		Release|Any CPU = Release|Any CPU
	EndGlobalSection
	GlobalSection(ProjectConfigurationPlatforms) = postSolution
		{8AA42CB1-67E5-47F7-B076-DF99A6BCD9D7}.Debug|Any CPU.ActiveCfg = Debug|Any CPU
		{8AA42CB1-67E5-47F7-B076-DF99A6BCD9D7}.Debug|Any CPU.Build.0 = Debug|Any CPU
		{8AA42CB1-67E5-47F7-B076-DF99A6BCD9D7}.Release|Any CPU.ActiveCfg = Release|Any CPU
		{8AA42CB1-67E5-47F7-B076-DF99A6BCD9D7}.Release|Any CPU.Build.0 = Release|Any CPU
	EndGlobalSection
	GlobalSection(SolutionProperties) = preSolution
		HideSolutionNode = FALSE
	EndGlobalSection
	GlobalSection(ExtensibilityGlobals) = postSolution
		SolutionGuid = {29F7924C-3A32-4749-840C-96E09C9A0525}
	EndGlobalSection
EndGlobal
